
Microsoft Visual Studio Solution File, Format Version 12.00
# Visual Studio Version 17
VisualStudioVersion = 17.14.36414.22 d17.14
MinimumVisualStudioVersion = 10.0.40219.1
Project("{FAE04EC0-301F-11D3-BF4B-00C04F79EFBC}") = "YarpTester", "YarpTester\YarpTester.csproj", "{0449E9C5-B08C-4CFB-9CDE-A78255D86DD5}"
EndProject
Global
	GlobalSection(SolutionConfigurationPlatforms) = preSolution
		Debug|Any CPU = Debug|Any CPU
		Release|Any CPU = Release|Any CPU
	EndGlobalSection
	GlobalSection(ProjectConfigurationPlatforms) = postSolution
		{0449E9C5-B08C-4CFB-9CDE-A78255D86DD5}.Debug|Any CPU.ActiveCfg = Debug|Any CPU
		{0449E9C5-B08C-4CFB-9CDE-A78255D86DD5}.Debug|Any CPU.Build.0 = Debug|Any CPU
		{0449E9C5-B08C-4CFB-9CDE-A78255D86DD5}.Release|Any CPU.ActiveCfg = Release|Any CPU
		{0449E9C5-B08C-4CFB-9CDE-A78255D86DD5}.Release|Any CPU.Build.0 = Release|Any CPU
	EndGlobalSection
	GlobalSection(SolutionProperties) = preSolution
		HideSolutionNode = FALSE
	EndGlobalSection
	GlobalSection(ExtensibilityGlobals) = postSolution
		SolutionGuid = {3F70A244-732F-4F1B-B903-BDA4B15E8CD3}
	EndGlobalSection
EndGlobal
